// !$*UTF8*$!
{
	archiveVersion = 1;
	classes = {
	};
	objectVersion = 50;
	objects = {

/* Begin PBXBuildFile section */
		3F0AE0542660BA7D00E4DF6E /* PopularDestinationsView.swift in Sources */ = {isa = PBXBuildFile; fileRef = 3F0AE0532660BA7D00E4DF6E /* PopularDestinationsView.swift */; };
		3F0AE0572660BB8400E4DF6E /* PopularRestaurantsView.swift in Sources */ = {isa = PBXBuildFile; fileRef = 3F0AE0562660BB8400E4DF6E /* PopularRestaurantsView.swift */; };
		3F0AE05A2660BBD300E4DF6E /* DiscoverCategoriesView.swift in Sources */ = {isa = PBXBuildFile; fileRef = 3F0AE0592660BBD300E4DF6E /* DiscoverCategoriesView.swift */; };
		3F0AE05D2660BC2800E4DF6E /* TrendingCreatorsView.swift in Sources */ = {isa = PBXBuildFile; fileRef = 3F0AE05C2660BC2800E4DF6E /* TrendingCreatorsView.swift */; };
		3F0AE0612660BC8600E4DF6E /* Destination.swift in Sources */ = {isa = PBXBuildFile; fileRef = 3F0AE0602660BC8600E4DF6E /* Destination.swift */; };
		3F0AE0642660BCB600E4DF6E /* Restaurants.swift in Sources */ = {isa = PBXBuildFile; fileRef = 3F0AE0632660BCB600E4DF6E /* Restaurants.swift */; };
		3F0AE0672660BCC000E4DF6E /* User.swift in Sources */ = {isa = PBXBuildFile; fileRef = 3F0AE0662660BCC000E4DF6E /* User.swift */; };
		3F0AE06A2660BCCA00E4DF6E /* Category.swift in Sources */ = {isa = PBXBuildFile; fileRef = 3F0AE0692660BCCA00E4DF6E /* Category.swift */; };
		3F0AE06E2660C37500E4DF6E /* TileModifier.swift in Sources */ = {isa = PBXBuildFile; fileRef = 3F0AE06D2660C37500E4DF6E /* TileModifier.swift */; };
		3F2D97F126587A5F00BA7051 /* PlaceDiscoveryApp.swift in Sources */ = {isa = PBXBuildFile; fileRef = 3F2D97F026587A5F00BA7051 /* PlaceDiscoveryApp.swift */; };
		3F2D97F326587A5F00BA7051 /* DiscoverView.swift in Sources */ = {isa = PBXBuildFile; fileRef = 3F2D97F226587A5F00BA7051 /* DiscoverView.swift */; };
		3F2D97F526587A6300BA7051 /* Assets.xcassets in Resources */ = {isa = PBXBuildFile; fileRef = 3F2D97F426587A6300BA7051 /* Assets.xcassets */; };
		3F2D97F826587A6300BA7051 /* Preview Assets.xcassets in Resources */ = {isa = PBXBuildFile; fileRef = 3F2D97F726587A6300BA7051 /* Preview Assets.xcassets */; };
/* End PBXBuildFile section */

/* Begin PBXFileReference section */
		3F0AE0532660BA7D00E4DF6E /* PopularDestinationsView.swift */ = {isa = PBXFileReference; lastKnownFileType = sourcecode.swift; path = PopularDestinationsView.swift; sourceTree = "<group>"; };
		3F0AE0562660BB8400E4DF6E /* PopularRestaurantsView.swift */ = {isa = PBXFileReference; lastKnownFileType = sourcecode.swift; path = PopularRestaurantsView.swift; sourceTree = "<group>"; };
		3F0AE0592660BBD300E4DF6E /* DiscoverCategoriesView.swift */ = {isa = PBXFileReference; lastKnownFileType = sourcecode.swift; path = DiscoverCategoriesView.swift; sourceTree = "<group>"; };
		3F0AE05C2660BC2800E4DF6E /* TrendingCreatorsView.swift */ = {isa = PBXFileReference; lastKnownFileType = sourcecode.swift; path = TrendingCreatorsView.swift; sourceTree = "<group>"; };
		3F0AE0602660BC8600E4DF6E /* Destination.swift */ = {isa = PBXFileReference; lastKnownFileType = sourcecode.swift; path = Destination.swift; sourceTree = "<group>"; };
		3F0AE0632660BCB600E4DF6E /* Restaurants.swift */ = {isa = PBXFileReference; lastKnownFileType = sourcecode.swift; path = Restaurants.swift; sourceTree = "<group>"; };
		3F0AE0662660BCC000E4DF6E /* User.swift */ = {isa = PBXFileReference; lastKnownFileType = sourcecode.swift; path = User.swift; sourceTree = "<group>"; };
		3F0AE0692660BCCA00E4DF6E /* Category.swift */ = {isa = PBXFileReference; lastKnownFileType = sourcecode.swift; path = Category.swift; sourceTree = "<group>"; };
		3F0AE06D2660C37500E4DF6E /* TileModifier.swift */ = {isa = PBXFileReference; lastKnownFileType = sourcecode.swift; path = TileModifier.swift; sourceTree = "<group>"; };
		3F2D97ED26587A5F00BA7051 /* PlaceDiscovery.app */ = {isa = PBXFileReference; explicitFileType = wrapper.application; includeInIndex = 0; path = PlaceDiscovery.app; sourceTree = BUILT_PRODUCTS_DIR; };
		3F2D97F026587A5F00BA7051 /* PlaceDiscoveryApp.swift */ = {isa = PBXFileReference; lastKnownFileType = sourcecode.swift; path = PlaceDiscoveryApp.swift; sourceTree = "<group>"; };
		3F2D97F226587A5F00BA7051 /* DiscoverView.swift */ = {isa = PBXFileReference; lastKnownFileType = sourcecode.swift; path = DiscoverView.swift; sourceTree = "<group>"; };
		3F2D97F426587A6300BA7051 /* Assets.xcassets */ = {isa = PBXFileReference; lastKnownFileType = folder.assetcatalog; path = Assets.xcassets; sourceTree = "<group>"; };
		3F2D97F726587A6300BA7051 /* Preview Assets.xcassets */ = {isa = PBXFileReference; lastKnownFileType = folder.assetcatalog; path = "Preview Assets.xcassets"; sourceTree = "<group>"; };
		3F2D97F926587A6300BA7051 /* Info.plist */ = {isa = PBXFileReference; lastKnownFileType = text.plist.xml; path = Info.plist; sourceTree = "<group>"; };
/* End PBXFileReference section */

/* Begin PBXFrameworksBuildPhase section */
		3F2D97EA26587A5F00BA7051 /* Frameworks */ = {
			isa = PBXFrameworksBuildPhase;
			buildActionMask = 2147483647;
			files = (
			);
			runOnlyForDeploymentPostprocessing = 0;
		};
/* End PBXFrameworksBuildPhase section */

/* Begin PBXGroup section */
		3F0AE05F2660BC6400E4DF6E /* Models */ = {
			isa = PBXGroup;
			children = (
				3F0AE0602660BC8600E4DF6E /* Destination.swift */,
				3F0AE0632660BCB600E4DF6E /* Restaurants.swift */,
				3F0AE0662660BCC000E4DF6E /* User.swift */,
				3F0AE0692660BCCA00E4DF6E /* Category.swift */,
			);
			path = Models;
			sourceTree = "<group>";
		};
		3F0AE06C2660C35600E4DF6E /* Utils */ = {
			isa = PBXGroup;
			children = (
				3F0AE06D2660C37500E4DF6E /* TileModifier.swift */,
			);
			path = Utils;
			sourceTree = "<group>";
		};
		3F2D97E426587A5F00BA7051 = {
			isa = PBXGroup;
			children = (
				3F2D97EF26587A5F00BA7051 /* PlaceDiscovery */,
				3F2D97EE26587A5F00BA7051 /* Products */,
			);
			sourceTree = "<group>";
		};
		3F2D97EE26587A5F00BA7051 /* Products */ = {
			isa = PBXGroup;
			children = (
				3F2D97ED26587A5F00BA7051 /* PlaceDiscovery.app */,
			);
			name = Products;
			sourceTree = "<group>";
		};
		3F2D97EF26587A5F00BA7051 /* PlaceDiscovery */ = {
			isa = PBXGroup;
			children = (
				3F0AE06C2660C35600E4DF6E /* Utils */,
				3F0AE05F2660BC6400E4DF6E /* Models */,
				3F69D2202660B87900673F1D /* Discover */,
				3F2D97F026587A5F00BA7051 /* PlaceDiscoveryApp.swift */,
				3F2D97F426587A6300BA7051 /* Assets.xcassets */,
				3F2D97F926587A6300BA7051 /* Info.plist */,
				3F2D97F626587A6300BA7051 /* Preview Content */,
			);
			path = PlaceDiscovery;
			sourceTree = "<group>";
		};
		3F2D97F626587A6300BA7051 /* Preview Content */ = {
			isa = PBXGroup;
			children = (
				3F2D97F726587A6300BA7051 /* Preview Assets.xcassets */,
			);
			path = "Preview Content";
			sourceTree = "<group>";
		};
		3F69D2202660B87900673F1D /* Discover */ = {
			isa = PBXGroup;
			children = (
				3F2D97F226587A5F00BA7051 /* DiscoverView.swift */,
				3F0AE0532660BA7D00E4DF6E /* PopularDestinationsView.swift */,
				3F0AE0562660BB8400E4DF6E /* PopularRestaurantsView.swift */,
				3F0AE0592660BBD300E4DF6E /* DiscoverCategoriesView.swift */,
				3F0AE05C2660BC2800E4DF6E /* TrendingCreatorsView.swift */,
			);
			path = Discover;
			sourceTree = "<group>";
		};
/* End PBXGroup section */

/* Begin PBXNativeTarget section */
		3F2D97EC26587A5F00BA7051 /* PlaceDiscovery */ = {
			isa = PBXNativeTarget;
			buildConfigurationList = 3F2D97FC26587A6300BA7051 /* Build configuration list for PBXNativeTarget "PlaceDiscovery" */;
			buildPhases = (
				3F2D97E926587A5F00BA7051 /* Sources */,
				3F2D97EA26587A5F00BA7051 /* Frameworks */,
				3F2D97EB26587A5F00BA7051 /* Resources */,
			);
			buildRules = (
			);
			dependencies = (
			);
			name = PlaceDiscovery;
			productName = PlaceDiscovery;
			productReference = 3F2D97ED26587A5F00BA7051 /* PlaceDiscovery.app */;
			productType = "com.apple.product-type.application";
		};
/* End PBXNativeTarget section */

/* Begin PBXProject section */
		3F2D97E526587A5F00BA7051 /* Project object */ = {
			isa = PBXProject;
			attributes = {
				LastSwiftUpdateCheck = 1240;
				LastUpgradeCheck = 1240;
				TargetAttributes = {
					3F2D97EC26587A5F00BA7051 = {
						CreatedOnToolsVersion = 12.4;
					};
				};
			};
			buildConfigurationList = 3F2D97E826587A5F00BA7051 /* Build configuration list for PBXProject "PlaceDiscovery" */;
			compatibilityVersion = "Xcode 9.3";
			developmentRegion = en;
			hasScannedForEncodings = 0;
			knownRegions = (
				en,
				Base,
			);
			mainGroup = 3F2D97E426587A5F00BA7051;
			productRefGroup = 3F2D97EE26587A5F00BA7051 /* Products */;
			projectDirPath = "";
			projectRoot = "";
			targets = (
				3F2D97EC26587A5F00BA7051 /* PlaceDiscovery */,
			);
		};
/* End PBXProject section */

/* Begin PBXResourcesBuildPhase section */
		3F2D97EB26587A5F00BA7051 /* Resources */ = {
			isa = PBXResourcesBuildPhase;
			buildActionMask = 2147483647;
			files = (
				3F2D97F826587A6300BA7051 /* Preview Assets.xcassets in Resources */,
				3F2D97F526587A6300BA7051 /* Assets.xcassets in Resources */,
			);
			runOnlyForDeploymentPostprocessing = 0;
		};
/* End PBXResourcesBuildPhase section */

/* Begin PBXSourcesBuildPhase section */
		3F2D97E926587A5F00BA7051 /* Sources */ = {
			isa = PBXSourcesBuildPhase;
			buildActionMask = 2147483647;
			files = (
				3F0AE0642660BCB600E4DF6E /* Restaurants.swift in Sources */,
				3F0AE06E2660C37500E4DF6E /* TileModifier.swift in Sources */,
				3F0AE06A2660BCCA00E4DF6E /* Category.swift in Sources */,
				3F0AE05A2660BBD300E4DF6E /* DiscoverCategoriesView.swift in Sources */,
				3F0AE0542660BA7D00E4DF6E /* PopularDestinationsView.swift in Sources */,
				3F0AE05D2660BC2800E4DF6E /* TrendingCreatorsView.swift in Sources */,
				3F0AE0572660BB8400E4DF6E /* PopularRestaurantsView.swift in Sources */,
				3F0AE0672660BCC000E4DF6E /* User.swift in Sources */,
				3F2D97F326587A5F00BA7051 /* DiscoverView.swift in Sources */,
				3F2D97F126587A5F00BA7051 /* PlaceDiscoveryApp.swift in Sources */,
				3F0AE0612660BC8600E4DF6E /* Destination.swift in Sources */,
			);
			runOnlyForDeploymentPostprocessing = 0;
		};
/* End PBXSourcesBuildPhase section */

/* Begin XCBuildConfiguration section */
		3F2D97FA26587A6300BA7051 /* Debug */ = {
			isa = XCBuildConfiguration;
			buildSettings = {
				ALWAYS_SEARCH_USER_PATHS = NO;
				CLANG_ANALYZER_NONNULL = YES;
				CLANG_ANALYZER_NUMBER_OBJECT_CONVERSION = YES_AGGRESSIVE;
				CLANG_CXX_LANGUAGE_STANDARD = "gnu++14";
				CLANG_CXX_LIBRARY = "libc++";
				CLANG_ENABLE_MODULES = YES;
				CLANG_ENABLE_OBJC_ARC = YES;
				CLANG_ENABLE_OBJC_WEAK = YES;
				CLANG_WARN_BLOCK_CAPTURE_AUTORELEASING = YES;
				CLANG_WARN_BOOL_CONVERSION = YES;
				CLANG_WARN_COMMA = YES;
				CLANG_WARN_CONSTANT_CONVERSION = YES;
				CLANG_WARN_DEPRECATED_OBJC_IMPLEMENTATIONS = YES;
				CLANG_WARN_DIRECT_OBJC_ISA_USAGE = YES_ERROR;
				CLANG_WARN_DOCUMENTATION_COMMENTS = YES;
				CLANG_WARN_EMPTY_BODY = YES;
				CLANG_WARN_ENUM_CONVERSION = YES;
				CLANG_WARN_INFINITE_RECURSION = YES;
				CLANG_WARN_INT_CONVERSION = YES;
				CLANG_WARN_NON_LITERAL_NULL_CONVERSION = YES;
				CLANG_WARN_OBJC_IMPLICIT_RETAIN_SELF = YES;
				CLANG_WARN_OBJC_LITERAL_CONVERSION = YES;
				CLANG_WARN_OBJC_ROOT_CLASS = YES_ERROR;
				CLANG_WARN_QUOTED_INCLUDE_IN_FRAMEWORK_HEADER = YES;
				CLANG_WARN_RANGE_LOOP_ANALYSIS = YES;
				CLANG_WARN_STRICT_PROTOTYPES = YES;
				CLANG_WARN_SUSPICIOUS_MOVE = YES;
				CLANG_WARN_UNGUARDED_AVAILABILITY = YES_AGGRESSIVE;
				CLANG_WARN_UNREACHABLE_CODE = YES;
				CLANG_WARN__DUPLICATE_METHOD_MATCH = YES;
				COPY_PHASE_STRIP = NO;
				DEBUG_INFORMATION_FORMAT = dwarf;
				ENABLE_STRICT_OBJC_MSGSEND = YES;
				ENABLE_TESTABILITY = YES;
				GCC_C_LANGUAGE_STANDARD = gnu11;
				GCC_DYNAMIC_NO_PIC = NO;
				GCC_NO_COMMON_BLOCKS = YES;
				GCC_OPTIMIZATION_LEVEL = 0;
				GCC_PREPROCESSOR_DEFINITIONS = (
					"DEBUG=1",
					"$(inherited)",
				);
				GCC_WARN_64_TO_32_BIT_CONVERSION = YES;
				GCC_WARN_ABOUT_RETURN_TYPE = YES_ERROR;
				GCC_WARN_UNDECLARED_SELECTOR = YES;
				GCC_WARN_UNINITIALIZED_AUTOS = YES_AGGRESSIVE;
				GCC_WARN_UNUSED_FUNCTION = YES;
				GCC_WARN_UNUSED_VARIABLE = YES;
				IPHONEOS_DEPLOYMENT_TARGET = 14.4;
				MTL_ENABLE_DEBUG_INFO = INCLUDE_SOURCE;
				MTL_FAST_MATH = YES;
				ONLY_ACTIVE_ARCH = YES;
				SDKROOT = iphoneos;
				SWIFT_ACTIVE_COMPILATION_CONDITIONS = DEBUG;
				SWIFT_OPTIMIZATION_LEVEL = "-Onone";
			};
			name = Debug;
		};
		3F2D97FB26587A6300BA7051 /* Release */ = {
			isa = XCBuildConfiguration;
			buildSettings = {
				ALWAYS_SEARCH_USER_PATHS = NO;
				CLANG_ANALYZER_NONNULL = YES;
				CLANG_ANALYZER_NUMBER_OBJECT_CONVERSION = YES_AGGRESSIVE;
				CLANG_CXX_LANGUAGE_STANDARD = "gnu++14";
				CLANG_CXX_LIBRARY = "libc++";
				CLANG_ENABLE_MODULES = YES;
				CLANG_ENABLE_OBJC_ARC = YES;
				CLANG_ENABLE_OBJC_WEAK = YES;
				CLANG_WARN_BLOCK_CAPTURE_AUTORELEASING = YES;
				CLANG_WARN_BOOL_CONVERSION = YES;
				CLANG_WARN_COMMA = YES;
				CLANG_WARN_CONSTANT_CONVERSION = YES;
				CLANG_WARN_DEPRECATED_OBJC_IMPLEMENTATIONS = YES;
				CLANG_WARN_DIRECT_OBJC_ISA_USAGE = YES_ERROR;
				CLANG_WARN_DOCUMENTATION_COMMENTS = YES;
				CLANG_WARN_EMPTY_BODY = YES;
				CLANG_WARN_ENUM_CONVERSION = YES;
				CLANG_WARN_INFINITE_RECURSION = YES;
				CLANG_WARN_INT_CONVERSION = YES;
				CLANG_WARN_NON_LITERAL_NULL_CONVERSION = YES;
				CLANG_WARN_OBJC_IMPLICIT_RETAIN_SELF = YES;
				CLANG_WARN_OBJC_LITERAL_CONVERSION = YES;
				CLANG_WARN_OBJC_ROOT_CLASS = YES_ERROR;
				CLANG_WARN_QUOTED_INCLUDE_IN_FRAMEWORK_HEADER = YES;
				CLANG_WARN_RANGE_LOOP_ANALYSIS = YES;
				CLANG_WARN_STRICT_PROTOTYPES = YES;
				CLANG_WARN_SUSPICIOUS_MOVE = YES;
				CLANG_WARN_UNGUARDED_AVAILABILITY = YES_AGGRESSIVE;
				CLANG_WARN_UNREACHABLE_CODE = YES;
				CLANG_WARN__DUPLICATE_METHOD_MATCH = YES;
				COPY_PHASE_STRIP = NO;
				DEBUG_INFORMATION_FORMAT = "dwarf-with-dsym";
				ENABLE_NS_ASSERTIONS = NO;
				ENABLE_STRICT_OBJC_MSGSEND = YES;
				GCC_C_LANGUAGE_STANDARD = gnu11;
				GCC_NO_COMMON_BLOCKS = YES;
				GCC_WARN_64_TO_32_BIT_CONVERSION = YES;
				GCC_WARN_ABOUT_RETURN_TYPE = YES_ERROR;
				GCC_WARN_UNDECLARED_SELECTOR = YES;
				GCC_WARN_UNINITIALIZED_AUTOS = YES_AGGRESSIVE;
				GCC_WARN_UNUSED_FUNCTION = YES;
				GCC_WARN_UNUSED_VARIABLE = YES;
				IPHONEOS_DEPLOYMENT_TARGET = 14.4;
				MTL_ENABLE_DEBUG_INFO = NO;
				MTL_FAST_MATH = YES;
				SDKROOT = iphoneos;
				SWIFT_COMPILATION_MODE = wholemodule;
				SWIFT_OPTIMIZATION_LEVEL = "-O";
				VALIDATE_PRODUCT = YES;
			};
			name = Release;
		};
		3F2D97FD26587A6300BA7051 /* Debug */ = {
			isa = XCBuildConfiguration;
			buildSettings = {
				ASSETCATALOG_COMPILER_APPICON_NAME = AppIcon;
				ASSETCATALOG_COMPILER_GLOBAL_ACCENT_COLOR_NAME = AccentColor;
				CODE_SIGN_STYLE = Automatic;
				DEVELOPMENT_ASSET_PATHS = "\"PlaceDiscovery/Preview Content\"";
				DEVELOPMENT_TEAM = M6YX8CTCDN;
				ENABLE_PREVIEWS = YES;
				INFOPLIST_FILE = PlaceDiscovery/Info.plist;
				IPHONEOS_DEPLOYMENT_TARGET = 14.0;
				LD_RUNPATH_SEARCH_PATHS = (
					"$(inherited)",
					"@executable_path/Frameworks",
				);
				PRODUCT_BUNDLE_IDENTIFIER = com.Kuday.PlaceDiscovery;
				PRODUCT_NAME = "$(TARGET_NAME)";
				SWIFT_VERSION = 5.0;
				TARGETED_DEVICE_FAMILY = "1,2";
			};
			name = Debug;
		};
		3F2D97FE26587A6300BA7051 /* Release */ = {
			isa = XCBuildConfiguration;
			buildSettings = {
				ASSETCATALOG_COMPILER_APPICON_NAME = AppIcon;
				ASSETCATALOG_COMPILER_GLOBAL_ACCENT_COLOR_NAME = AccentColor;
				CODE_SIGN_STYLE = Automatic;
				DEVELOPMENT_ASSET_PATHS = "\"PlaceDiscovery/Preview Content\"";
				DEVELOPMENT_TEAM = M6YX8CTCDN;
				ENABLE_PREVIEWS = YES;
				INFOPLIST_FILE = PlaceDiscovery/Info.plist;
				IPHONEOS_DEPLOYMENT_TARGET = 14.0;
				LD_RUNPATH_SEARCH_PATHS = (
					"$(inherited)",
					"@executable_path/Frameworks",
				);
				PRODUCT_BUNDLE_IDENTIFIER = com.Kuday.PlaceDiscovery;
				PRODUCT_NAME = "$(TARGET_NAME)";
				SWIFT_VERSION = 5.0;
				TARGETED_DEVICE_FAMILY = "1,2";
			};
			name = Release;
		};
/* End XCBuildConfiguration section */

/* Begin XCConfigurationList section */
		3F2D97E826587A5F00BA7051 /* Build configuration list for PBXProject "PlaceDiscovery" */ = {
			isa = XCConfigurationList;
			buildConfigurations = (
				3F2D97FA26587A6300BA7051 /* Debug */,
				3F2D97FB26587A6300BA7051 /* Release */,
			);
			defaultConfigurationIsVisible = 0;
			defaultConfigurationName = Release;
		};
		3F2D97FC26587A6300BA7051 /* Build configuration list for PBXNativeTarget "PlaceDiscovery" */ = {
			isa = XCConfigurationList;
			buildConfigurations = (
				3F2D97FD26587A6300BA7051 /* Debug */,
				3F2D97FE26587A6300BA7051 /* Release */,
			);
			defaultConfigurationIsVisible = 0;
			defaultConfigurationName = Release;
		};
/* End XCConfigurationList section */
	};
	rootObject = 3F2D97E526587A5F00BA7051 /* Project object */;
}
